{
  "version": 4,
  "terraform_version": "1.3.7",
  "serial": 139,
  "lineage": "c3ea3e43-dc8a-5be6-e6f6-b9c601afb863",
  "outputs": {},
  "resources": [
    {
      "module": "module.test_grp",
      "mode": "managed",
      "type": "azurerm_network_interface",
      "name": "nic1_name",
      "provider": "provider[\"registry.terraform.io/hashicorp/azurerm\"]",
      "instances": [
        {
          "schema_version": 0,
          "attributes": {
            "applied_dns_servers": [],
            "dns_servers": [],
            "edge_zone": "",
            "enable_accelerated_networking": false,
            "enable_ip_forwarding": false,
            "id": "/subscriptions/c4f83d6a-ca80-468b-b372-565f768be207/resourceGroups/zho_testRG/providers/Microsoft.Network/networkInterfaces/nic1",
            "internal_dns_name_label": "",
            "internal_domain_name_suffix": "keclf5hxwhyuzplnzemy5ktuqh.dx.internal.cloudapp.net",
            "ip_configuration": [
              {
                "gateway_load_balancer_frontend_ip_configuration_id": "",
                "name": "internal",
                "primary": true,
                "private_ip_address": "10.7.0.4",
                "private_ip_address_allocation": "Dynamic",
                "private_ip_address_version": "IPv4",
                "public_ip_address_id": "",
                "subnet_id": "/subscriptions/c4f83d6a-ca80-468b-b372-565f768be207/resourceGroups/zho_testRG/providers/Microsoft.Network/virtualNetworks/Core-Test-Vnet/subnets/Core_Test_SQL_Subnet"
              }
            ],
            "location": "westus",
            "mac_address": "60-45-BD-09-FC-3E",
            "name": "nic1",
            "private_ip_address": "10.7.0.4",
            "private_ip_addresses": [
              "10.7.0.4"
            ],
            "resource_group_name": "zho_testRG",
            "tags": {},
            "timeouts": null,
            "virtual_machine_id": "/subscriptions/c4f83d6a-ca80-468b-b372-565f768be207/resourceGroups/zho_testRG/providers/Microsoft.Compute/virtualMachines/Core-TestSQL01"
          },
          "sensitive_attributes": [],
          "private": "eyJlMmJmYjczMC1lY2FhLTExZTYtOGY4OC0zNDM2M2JjN2M0YzAiOnsiY3JlYXRlIjoxODAwMDAwMDAwMDAwLCJkZWxldGUiOjE4MDAwMDAwMDAwMDAsInJlYWQiOjMwMDAwMDAwMDAwMCwidXBkYXRlIjoxODAwMDAwMDAwMDAwfX0=",
          "dependencies": [
            "module.test_grp.azurerm_resource_group.test_grp",
            "module.test_grp.azurerm_subnet.subnet1_name",
            "module.test_grp.azurerm_virtual_network.test_vnet"
          ]
        }
      ]
    },
    {
      "module": "module.test_grp",
      "mode": "managed",
      "type": "azurerm_network_interface",
      "name": "nic2_name",
      "provider": "provider[\"registry.terraform.io/hashicorp/azurerm\"]",
      "instances": [
        {
          "schema_version": 0,
          "attributes": {
            "applied_dns_servers": [],
            "dns_servers": [],
            "edge_zone": "",
            "enable_accelerated_networking": false,
            "enable_ip_forwarding": false,
            "id": "/subscriptions/c4f83d6a-ca80-468b-b372-565f768be207/resourceGroups/zho_testRG/providers/Microsoft.Network/networkInterfaces/nic2",
            "internal_dns_name_label": "",
            "internal_domain_name_suffix": "keclf5hxwhyuzplnzemy5ktuqh.dx.internal.cloudapp.net",
            "ip_configuration": [
              {
                "gateway_load_balancer_frontend_ip_configuration_id": "",
                "name": "internal",
                "primary": true,
                "private_ip_address": "10.7.1.4",
                "private_ip_address_allocation": "Dynamic",
                "private_ip_address_version": "IPv4",
                "public_ip_address_id": "",
                "subnet_id": "/subscriptions/c4f83d6a-ca80-468b-b372-565f768be207/resourceGroups/zho_testRG/providers/Microsoft.Network/virtualNetworks/Core-Test-Vnet/subnets/Core_Test_App_Subnet"
              }
            ],
            "location": "westus",
            "mac_address": "00-0D-3A-32-A9-2A",
            "name": "nic2",
            "private_ip_address": "10.7.1.4",
            "private_ip_addresses": [
              "10.7.1.4"
            ],
            "resource_group_name": "zho_testRG",
            "tags": {},
            "timeouts": null,
            "virtual_machine_id": "/subscriptions/c4f83d6a-ca80-468b-b372-565f768be207/resourceGroups/zho_testRG/providers/Microsoft.Compute/virtualMachines/Core-TestApp01"
          },
          "sensitive_attributes": [],
          "private": "eyJlMmJmYjczMC1lY2FhLTExZTYtOGY4OC0zNDM2M2JjN2M0YzAiOnsiY3JlYXRlIjoxODAwMDAwMDAwMDAwLCJkZWxldGUiOjE4MDAwMDAwMDAwMDAsInJlYWQiOjMwMDAwMDAwMDAwMCwidXBkYXRlIjoxODAwMDAwMDAwMDAwfX0=",
          "dependencies": [
            "module.test_grp.azurerm_resource_group.test_grp",
            "module.test_grp.azurerm_subnet.subnet2_name",
            "module.test_grp.azurerm_virtual_network.test_vnet"
          ]
        }
      ]
    },
    {
      "module": "module.test_grp",
      "mode": "managed",
      "type": "azurerm_network_security_group",
      "name": "nsg",
      "provider": "provider[\"registry.terraform.io/hashicorp/azurerm\"]",
      "instances": [
        {
          "schema_version": 0,
          "attributes": {
            "id": "/subscriptions/c4f83d6a-ca80-468b-b372-565f768be207/resourceGroups/zho_testRG/providers/Microsoft.Network/networkSecurityGroups/test-nsg",
            "location": "westus",
            "name": "test-nsg",
            "resource_group_name": "zho_testRG",
            "security_rule": [
              {
                "access": "Allow",
                "description": "",
                "destination_address_prefix": "*",
                "destination_address_prefixes": [],
                "destination_application_security_group_ids": [],
                "destination_port_range": "*",
                "destination_port_ranges": [],
                "direction": "Inbound",
                "name": "ICMP",
                "priority": 110,
                "protocol": "Icmp",
                "source_address_prefix": "192.168.85.0/24",
                "source_address_prefixes": [],
                "source_application_security_group_ids": [],
                "source_port_range": "*",
                "source_port_ranges": []
              },
              {
                "access": "Allow",
                "description": "",
                "destination_address_prefix": "*",
                "destination_address_prefixes": [],
                "destination_application_security_group_ids": [],
                "destination_port_range": "22335",
                "destination_port_ranges": [],
                "direction": "Inbound",
                "name": "RW_UDP_Ports",
                "priority": 130,
                "protocol": "Udp",
                "source_address_prefix": "*",
                "source_address_prefixes": [],
                "source_application_security_group_ids": [],
                "source_port_range": "*",
                "source_port_ranges": []
              },
              {
                "access": "Allow",
                "description": "",
                "destination_address_prefix": "*",
                "destination_address_prefixes": [],
                "destination_application_security_group_ids": [],
                "destination_port_range": "443-8085",
                "destination_port_ranges": [],
                "direction": "Inbound",
                "name": "RW_TCP_Ports",
                "priority": 100,
                "protocol": "Tcp",
                "source_address_prefix": "*",
                "source_address_prefixes": [],
                "source_application_security_group_ids": [],
                "source_port_range": "*",
                "source_port_ranges": []
              },
              {
                "access": "Allow",
                "description": "",
                "destination_address_prefix": "*",
                "destination_address_prefixes": [],
                "destination_application_security_group_ids": [],
                "destination_port_range": "50000-51000",
                "destination_port_ranges": [],
                "direction": "Inbound",
                "name": "FTP",
                "priority": 120,
                "protocol": "Tcp",
                "source_address_prefix": "*",
                "source_address_prefixes": [],
                "source_application_security_group_ids": [],
                "source_port_range": "*",
                "source_port_ranges": []
              }
            ],
            "tags": {
              "environment": "Test"
            },
            "timeouts": null
          },
          "sensitive_attributes": [],
          "private": "eyJlMmJmYjczMC1lY2FhLTExZTYtOGY4OC0zNDM2M2JjN2M0YzAiOnsiY3JlYXRlIjoxODAwMDAwMDAwMDAwLCJkZWxldGUiOjE4MDAwMDAwMDAwMDAsInJlYWQiOjMwMDAwMDAwMDAwMCwidXBkYXRlIjoxODAwMDAwMDAwMDAwfX0=",
          "dependencies": [
            "module.test_grp.azurerm_resource_group.test_grp"
          ]
        }
      ]
    },
    {
      "module": "module.test_grp",
      "mode": "managed",
      "type": "azurerm_resource_group",
      "name": "test_grp",
      "provider": "provider[\"registry.terraform.io/hashicorp/azurerm\"]",
      "instances": [
        {
          "schema_version": 0,
          "attributes": {
            "id": "/subscriptions/c4f83d6a-ca80-468b-b372-565f768be207/resourceGroups/zho_testRG",
            "location": "westus",
            "name": "zho_testRG",
            "tags": {},
            "timeouts": null
          },
          "sensitive_attributes": [],
          "private": "eyJlMmJmYjczMC1lY2FhLTExZTYtOGY4OC0zNDM2M2JjN2M0YzAiOnsiY3JlYXRlIjo1NDAwMDAwMDAwMDAwLCJkZWxldGUiOjU0MDAwMDAwMDAwMDAsInJlYWQiOjMwMDAwMDAwMDAwMCwidXBkYXRlIjo1NDAwMDAwMDAwMDAwfX0="
        }
      ]
    },
    {
      "module": "module.test_grp",
      "mode": "managed",
      "type": "azurerm_subnet",
      "name": "subnet1_name",
      "provider": "provider[\"registry.terraform.io/hashicorp/azurerm\"]",
      "instances": [
        {
          "schema_version": 0,
          "attributes": {
            "address_prefixes": [
              "10.7.0.0/24"
            ],
            "delegation": [],
            "enforce_private_link_endpoint_network_policies": false,
            "enforce_private_link_service_network_policies": false,
            "id": "/subscriptions/c4f83d6a-ca80-468b-b372-565f768be207/resourceGroups/zho_testRG/providers/Microsoft.Network/virtualNetworks/Core-Test-Vnet/subnets/Core_Test_SQL_Subnet",
            "name": "Core_Test_SQL_Subnet",
            "private_endpoint_network_policies_enabled": true,
            "private_link_service_network_policies_enabled": true,
            "resource_group_name": "zho_testRG",
            "service_endpoint_policy_ids": [],
            "service_endpoints": [],
            "timeouts": null,
            "virtual_network_name": "Core-Test-Vnet"
          },
          "sensitive_attributes": [],
          "private": "eyJlMmJmYjczMC1lY2FhLTExZTYtOGY4OC0zNDM2M2JjN2M0YzAiOnsiY3JlYXRlIjoxODAwMDAwMDAwMDAwLCJkZWxldGUiOjE4MDAwMDAwMDAwMDAsInJlYWQiOjMwMDAwMDAwMDAwMCwidXBkYXRlIjoxODAwMDAwMDAwMDAwfX0=",
          "dependencies": [
            "module.test_grp.azurerm_resource_group.test_grp",
            "module.test_grp.azurerm_virtual_network.test_vnet"
          ]
        }
      ]
    },
    {
      "module": "module.test_grp",
      "mode": "managed",
      "type": "azurerm_subnet",
      "name": "subnet2_name",
      "provider": "provider[\"registry.terraform.io/hashicorp/azurerm\"]",
      "instances": [
        {
          "schema_version": 0,
          "attributes": {
            "address_prefixes": [
              "10.7.1.0/24"
            ],
            "delegation": [],
            "enforce_private_link_endpoint_network_policies": false,
            "enforce_private_link_service_network_policies": false,
            "id": "/subscriptions/c4f83d6a-ca80-468b-b372-565f768be207/resourceGroups/zho_testRG/providers/Microsoft.Network/virtualNetworks/Core-Test-Vnet/subnets/Core_Test_App_Subnet",
            "name": "Core_Test_App_Subnet",
            "private_endpoint_network_policies_enabled": true,
            "private_link_service_network_policies_enabled": true,
            "resource_group_name": "zho_testRG",
            "service_endpoint_policy_ids": [],
            "service_endpoints": [],
            "timeouts": null,
            "virtual_network_name": "Core-Test-Vnet"
          },
          "sensitive_attributes": [],
          "private": "eyJlMmJmYjczMC1lY2FhLTExZTYtOGY4OC0zNDM2M2JjN2M0YzAiOnsiY3JlYXRlIjoxODAwMDAwMDAwMDAwLCJkZWxldGUiOjE4MDAwMDAwMDAwMDAsInJlYWQiOjMwMDAwMDAwMDAwMCwidXBkYXRlIjoxODAwMDAwMDAwMDAwfX0=",
          "dependencies": [
            "module.test_grp.azurerm_resource_group.test_grp",
            "module.test_grp.azurerm_virtual_network.test_vnet"
          ]
        }
      ]
    },
    {
      "module": "module.test_grp",
      "mode": "managed",
      "type": "azurerm_subnet_network_security_group_association",
      "name": "nsg_assoc",
      "provider": "provider[\"registry.terraform.io/hashicorp/azurerm\"]",
      "instances": [
        {
          "schema_version": 0,
          "attributes": {
            "id": "/subscriptions/c4f83d6a-ca80-468b-b372-565f768be207/resourceGroups/zho_testRG/providers/Microsoft.Network/virtualNetworks/Core-Test-Vnet/subnets/Core_Test_SQL_Subnet",
            "network_security_group_id": "/subscriptions/c4f83d6a-ca80-468b-b372-565f768be207/resourceGroups/zho_testRG/providers/Microsoft.Network/networkSecurityGroups/test-nsg",
            "subnet_id": "/subscriptions/c4f83d6a-ca80-468b-b372-565f768be207/resourceGroups/zho_testRG/providers/Microsoft.Network/virtualNetworks/Core-Test-Vnet/subnets/Core_Test_SQL_Subnet",
            "timeouts": null
          },
          "sensitive_attributes": [],
          "private": "eyJlMmJmYjczMC1lY2FhLTExZTYtOGY4OC0zNDM2M2JjN2M0YzAiOnsiY3JlYXRlIjoxODAwMDAwMDAwMDAwLCJkZWxldGUiOjE4MDAwMDAwMDAwMDAsInJlYWQiOjMwMDAwMDAwMDAwMCwidXBkYXRlIjoxODAwMDAwMDAwMDAwfX0=",
          "dependencies": [
            "module.test_grp.azurerm_network_security_group.nsg",
            "module.test_grp.azurerm_resource_group.test_grp",
            "module.test_grp.azurerm_subnet.subnet1_name",
            "module.test_grp.azurerm_virtual_network.test_vnet"
          ]
        }
      ]
    },
    {
      "module": "module.test_grp",
      "mode": "managed",
      "type": "azurerm_virtual_network",
      "name": "test_vnet",
      "provider": "provider[\"registry.terraform.io/hashicorp/azurerm\"]",
      "instances": [
        {
          "schema_version": 0,
          "attributes": {
            "address_space": [
              "10.7.0.0/16"
            ],
            "bgp_community": "",
            "ddos_protection_plan": [],
            "dns_servers": [],
            "edge_zone": "",
            "flow_timeout_in_minutes": 0,
            "guid": "fcb20451-b1f7-4cf1-bd6d-c9198faa7487",
            "id": "/subscriptions/c4f83d6a-ca80-468b-b372-565f768be207/resourceGroups/zho_testRG/providers/Microsoft.Network/virtualNetworks/Core-Test-Vnet",
            "location": "westus",
            "name": "Core-Test-Vnet",
            "resource_group_name": "zho_testRG",
            "subnet": [
              {
                "address_prefix": "10.7.0.0/24",
                "id": "/subscriptions/c4f83d6a-ca80-468b-b372-565f768be207/resourceGroups/zho_testRG/providers/Microsoft.Network/virtualNetworks/Core-Test-Vnet/subnets/Core_Test_SQL_Subnet",
                "name": "Core_Test_SQL_Subnet",
                "security_group": "/subscriptions/c4f83d6a-ca80-468b-b372-565f768be207/resourceGroups/zho_testRG/providers/Microsoft.Network/networkSecurityGroups/test-nsg"
              },
              {
                "address_prefix": "10.7.1.0/24",
                "id": "/subscriptions/c4f83d6a-ca80-468b-b372-565f768be207/resourceGroups/zho_testRG/providers/Microsoft.Network/virtualNetworks/Core-Test-Vnet/subnets/Core_Test_App_Subnet",
                "name": "Core_Test_App_Subnet",
                "security_group": ""
              }
            ],
            "tags": {
              "environment": "Test"
            },
            "timeouts": null
          },
          "sensitive_attributes": [],
          "private": "eyJlMmJmYjczMC1lY2FhLTExZTYtOGY4OC0zNDM2M2JjN2M0YzAiOnsiY3JlYXRlIjoxODAwMDAwMDAwMDAwLCJkZWxldGUiOjE4MDAwMDAwMDAwMDAsInJlYWQiOjMwMDAwMDAwMDAwMCwidXBkYXRlIjoxODAwMDAwMDAwMDAwfX0=",
          "dependencies": [
            "module.test_grp.azurerm_resource_group.test_grp"
          ]
        }
      ]
    },
    {
      "module": "module.test_grp",
      "mode": "managed",
      "type": "azurerm_windows_virtual_machine",
      "name": "vm1",
      "provider": "provider[\"registry.terraform.io/hashicorp/azurerm\"]",
      "instances": [
        {
          "schema_version": 0,
          "attributes": {
            "additional_capabilities": [],
            "additional_unattend_content": [],
            "admin_password": "Phil0$0phyakin2023",
            "admin_username": "aomojola",
            "allow_extension_operations": true,
            "availability_set_id": "",
            "boot_diagnostics": [],
            "capacity_reservation_group_id": "",
            "computer_name": "Core-TestSQL01",
            "custom_data": null,
            "dedicated_host_group_id": "",
            "dedicated_host_id": "",
            "edge_zone": "",
            "enable_automatic_updates": true,
            "encryption_at_host_enabled": false,
            "eviction_policy": "",
            "extensions_time_budget": "PT1H30M",
            "gallery_application": [],
            "hotpatching_enabled": false,
            "id": "/subscriptions/c4f83d6a-ca80-468b-b372-565f768be207/resourceGroups/zho_testRG/providers/Microsoft.Compute/virtualMachines/Core-TestSQL01",
            "identity": [],
            "license_type": "",
            "location": "westus",
            "max_bid_price": -1,
            "name": "Core-TestSQL01",
            "network_interface_ids": [
              "/subscriptions/c4f83d6a-ca80-468b-b372-565f768be207/resourceGroups/zho_testRG/providers/Microsoft.Network/networkInterfaces/nic1"
            ],
            "os_disk": [
              {
                "caching": "ReadWrite",
                "diff_disk_settings": [],
                "disk_encryption_set_id": "",
                "disk_size_gb": 127,
                "name": "Core-TestSQL01_OsDisk_1_8b1b193d31a04215a2bde15607067801",
                "secure_vm_disk_encryption_set_id": "",
                "security_encryption_type": "",
                "storage_account_type": "Standard_LRS",
                "write_accelerator_enabled": false
              }
            ],
            "patch_assessment_mode": "ImageDefault",
            "patch_mode": "AutomaticByOS",
            "plan": [],
            "platform_fault_domain": -1,
            "priority": "Regular",
            "private_ip_address": "10.7.0.4",
            "private_ip_addresses": [
              "10.7.0.4"
            ],
            "provision_vm_agent": true,
            "proximity_placement_group_id": "",
            "public_ip_address": "",
            "public_ip_addresses": [],
            "resource_group_name": "zho_testRG",
            "secret": [],
            "secure_boot_enabled": false,
            "size": "Standard_B8ms",
            "source_image_id": "",
            "source_image_reference": [
              {
                "offer": "WindowsServer",
                "publisher": "MicrosoftWindowsServer",
                "sku": "2019-Datacenter",
                "version": "latest"
              }
            ],
            "tags": {},
            "termination_notification": [],
            "timeouts": null,
            "timezone": "",
            "user_data": "",
            "virtual_machine_id": "e6deac20-d5a6-435d-91b5-e76b47da79ff",
            "virtual_machine_scale_set_id": "",
            "vtpm_enabled": false,
            "winrm_listener": [],
            "zone": ""
          },
          "sensitive_attributes": [],
          "private": "eyJlMmJmYjczMC1lY2FhLTExZTYtOGY4OC0zNDM2M2JjN2M0YzAiOnsiY3JlYXRlIjoyNzAwMDAwMDAwMDAwLCJkZWxldGUiOjI3MDAwMDAwMDAwMDAsInJlYWQiOjMwMDAwMDAwMDAwMCwidXBkYXRlIjoyNzAwMDAwMDAwMDAwfX0=",
          "dependencies": [
            "module.test_grp.azurerm_network_interface.nic1_name",
            "module.test_grp.azurerm_resource_group.test_grp",
            "module.test_grp.azurerm_subnet.subnet1_name",
            "module.test_grp.azurerm_virtual_network.test_vnet"
          ]
        }
      ]
    },
    {
      "module": "module.test_grp",
      "mode": "managed",
      "type": "azurerm_windows_virtual_machine",
      "name": "vm2",
      "provider": "provider[\"registry.terraform.io/hashicorp/azurerm\"]",
      "instances": [
        {
          "schema_version": 0,
          "attributes": {
            "additional_capabilities": [],
            "additional_unattend_content": [],
            "admin_password": "Phil0$0phyakin2023",
            "admin_username": "aomojola",
            "allow_extension_operations": true,
            "availability_set_id": "",
            "boot_diagnostics": [],
            "capacity_reservation_group_id": "",
            "computer_name": "Core-TestApp01",
            "custom_data": null,
            "dedicated_host_group_id": "",
            "dedicated_host_id": "",
            "edge_zone": "",
            "enable_automatic_updates": true,
            "encryption_at_host_enabled": false,
            "eviction_policy": "",
            "extensions_time_budget": "PT1H30M",
            "gallery_application": [],
            "hotpatching_enabled": false,
            "id": "/subscriptions/c4f83d6a-ca80-468b-b372-565f768be207/resourceGroups/zho_testRG/providers/Microsoft.Compute/virtualMachines/Core-TestApp01",
            "identity": [],
            "license_type": "",
            "location": "westus",
            "max_bid_price": -1,
            "name": "Core-TestApp01",
            "network_interface_ids": [
              "/subscriptions/c4f83d6a-ca80-468b-b372-565f768be207/resourceGroups/zho_testRG/providers/Microsoft.Network/networkInterfaces/nic2"
            ],
            "os_disk": [
              {
                "caching": "ReadWrite",
                "diff_disk_settings": [],
                "disk_encryption_set_id": "",
                "disk_size_gb": 127,
                "name": "Core-TestApp01_OsDisk_1_eb1da4f2e2514f43a81eeb80515f49d5",
                "secure_vm_disk_encryption_set_id": "",
                "security_encryption_type": "",
                "storage_account_type": "Standard_LRS",
                "write_accelerator_enabled": false
              }
            ],
            "patch_assessment_mode": "ImageDefault",
            "patch_mode": "AutomaticByOS",
            "plan": [],
            "platform_fault_domain": -1,
            "priority": "Regular",
            "private_ip_address": "10.7.1.4",
            "private_ip_addresses": [
              "10.7.1.4"
            ],
            "provision_vm_agent": true,
            "proximity_placement_group_id": "",
            "public_ip_address": "",
            "public_ip_addresses": [],
            "resource_group_name": "zho_testRG",
            "secret": [],
            "secure_boot_enabled": false,
            "size": "Standard_B8ms",
            "source_image_id": "",
            "source_image_reference": [
              {
                "offer": "WindowsServer",
                "publisher": "MicrosoftWindowsServer",
                "sku": "2019-Datacenter",
                "version": "latest"
              }
            ],
            "tags": {},
            "termination_notification": [],
            "timeouts": null,
            "timezone": "",
            "user_data": "",
            "virtual_machine_id": "159dced1-2dfc-4bd0-afa3-fffc2c5dff9f",
            "virtual_machine_scale_set_id": "",
            "vtpm_enabled": false,
            "winrm_listener": [],
            "zone": ""
          },
          "sensitive_attributes": [],
          "private": "eyJlMmJmYjczMC1lY2FhLTExZTYtOGY4OC0zNDM2M2JjN2M0YzAiOnsiY3JlYXRlIjoyNzAwMDAwMDAwMDAwLCJkZWxldGUiOjI3MDAwMDAwMDAwMDAsInJlYWQiOjMwMDAwMDAwMDAwMCwidXBkYXRlIjoyNzAwMDAwMDAwMDAwfX0=",
          "dependencies": [
            "module.test_grp.azurerm_network_interface.nic2_name",
            "module.test_grp.azurerm_resource_group.test_grp",
            "module.test_grp.azurerm_subnet.subnet2_name",
            "module.test_grp.azurerm_virtual_network.test_vnet"
          ]
        }
      ]
    }
  ],
  "check_results": null
}
